
Microsoft Visual Studio Solution File, Format Version 12.00
# Visual Studio Version 16
VisualStudioVersion = 16.0.30128.74
MinimumVisualStudioVersion = 10.0.40219.1
Project("{FAE04EC0-301F-11D3-BF4B-00C04F79EFBC}") = "Supermarkt", "Supermarkt\Supermarkt.csproj", "{5F5AAAD3-209B-4FC7-838D-10C88A92A575}"
EndProject
Global
	GlobalSection(SolutionConfigurationPlatforms) = preSolution
		Debug|Any CPU = Debug|Any CPU
		Release|Any CPU = Release|Any CPU
	EndGlobalSection
	GlobalSection(ProjectConfigurationPlatforms) = postSolution
		{5F5AAAD3-209B-4FC7-838D-10C88A92A575}.Debug|Any CPU.ActiveCfg = Debug|Any CPU
		{5F5AAAD3-209B-4FC7-838D-10C88A92A575}.Debug|Any CPU.Build.0 = Debug|Any CPU
		{5F5AAAD3-209B-4FC7-838D-10C88A92A575}.Release|Any CPU.ActiveCfg = Release|Any CPU
		{5F5AAAD3-209B-4FC7-838D-10C88A92A575}.Release|Any CPU.Build.0 = Release|Any CPU
	EndGlobalSection
	GlobalSection(SolutionProperties) = preSolution
		HideSolutionNode = FALSE
	EndGlobalSection
	GlobalSection(ExtensibilityGlobals) = postSolution
		SolutionGuid = {A672F26F-DA8D-490A-89B9-61606E3CBDF5}
	EndGlobalSection
EndGlobal
